// !$*UTF8*$!
{
	archiveVersion = 1;
	classes = {
	};
	objectVersion = 46;
	objects = {

/* Begin PBXBuildFile section */
		D1AB3BA71E65F6690062514C /* Ant.cpp in Sources */ = {isa = PBXBuildFile; fileRef = D1AB3B9F1E65F6690062514C /* Ant.cpp */; };
		D1AB3BA81E65F6690062514C /* Doodle.cpp in Sources */ = {isa = PBXBuildFile; fileRef = D1AB3BA11E65F6690062514C /* Doodle.cpp */; };
		D1AB3BA91E65F6690062514C /* makefile in Sources */ = {isa = PBXBuildFile; fileRef = D1AB3BA31E65F6690062514C /* makefile */; };
		D1AB3BAA1E65F6690062514C /* Organism.cpp in Sources */ = {isa = PBXBuildFile; fileRef = D1AB3BA41E65F6690062514C /* Organism.cpp */; };
		D1AB3BAB1E65F6690062514C /* PA6.cpp in Sources */ = {isa = PBXBuildFile; fileRef = D1AB3BA61E65F6690062514C /* PA6.cpp */; };
/* End PBXBuildFile section */

/* Begin PBXCopyFilesBuildPhase section */
		D1AB3B931E65F6500062514C /* CopyFiles */ = {
			isa = PBXCopyFilesBuildPhase;
			buildActionMask = 2147483647;
			dstPath = /usr/share/man/man1/;
			dstSubfolderSpec = 0;
			files = (
			);
			runOnlyForDeploymentPostprocessing = 1;
		};
/* End PBXCopyFilesBuildPhase section */

/* Begin PBXFileReference section */
		D1AB3B951E65F6500062514C /* PA6-Mac */ = {isa = PBXFileReference; explicitFileType = "compiled.mach-o.executable"; includeInIndex = 0; path = "PA6-Mac"; sourceTree = BUILT_PRODUCTS_DIR; };
		D1AB3B9F1E65F6690062514C /* Ant.cpp */ = {isa = PBXFileReference; fileEncoding = 4; lastKnownFileType = sourcecode.cpp.cpp; path = Ant.cpp; sourceTree = "<group>"; };
		D1AB3BA01E65F6690062514C /* Ant.h */ = {isa = PBXFileReference; fileEncoding = 4; lastKnownFileType = sourcecode.c.h; path = Ant.h; sourceTree = "<group>"; };
		D1AB3BA11E65F6690062514C /* Doodle.cpp */ = {isa = PBXFileReference; fileEncoding = 4; lastKnownFileType = sourcecode.cpp.cpp; path = Doodle.cpp; sourceTree = "<group>"; };
		D1AB3BA21E65F6690062514C /* Doodle.h */ = {isa = PBXFileReference; fileEncoding = 4; lastKnownFileType = sourcecode.c.h; path = Doodle.h; sourceTree = "<group>"; };
		D1AB3BA31E65F6690062514C /* makefile */ = {isa = PBXFileReference; fileEncoding = 4; lastKnownFileType = sourcecode.make; path = makefile; sourceTree = "<group>"; };
		D1AB3BA41E65F6690062514C /* Organism.cpp */ = {isa = PBXFileReference; fileEncoding = 4; lastKnownFileType = sourcecode.cpp.cpp; path = Organism.cpp; sourceTree = "<group>"; };
		D1AB3BA51E65F6690062514C /* Organism.h */ = {isa = PBXFileReference; fileEncoding = 4; lastKnownFileType = sourcecode.c.h; path = Organism.h; sourceTree = "<group>"; };
		D1AB3BA61E65F6690062514C /* PA6.cpp */ = {isa = PBXFileReference; fileEncoding = 4; lastKnownFileType = sourcecode.cpp.cpp; path = PA6.cpp; sourceTree = "<group>"; };
/* End PBXFileReference section */

/* Begin PBXFrameworksBuildPhase section */
		D1AB3B921E65F6500062514C /* Frameworks */ = {
			isa = PBXFrameworksBuildPhase;
			buildActionMask = 2147483647;
			files = (
			);
			runOnlyForDeploymentPostprocessing = 0;
		};
/* End PBXFrameworksBuildPhase section */

/* Begin PBXGroup section */
		D1AB3B8C1E65F6500062514C = {
			isa = PBXGroup;
			children = (
				D1AB3B971E65F6500062514C /* PA6-Mac */,
				D1AB3B961E65F6500062514C /* Products */,
			);
			sourceTree = "<group>";
		};
		D1AB3B961E65F6500062514C /* Products */ = {
			isa = PBXGroup;
			children = (
				D1AB3B951E65F6500062514C /* PA6-Mac */,
			);
			name = Products;
			sourceTree = "<group>";
		};
		D1AB3B971E65F6500062514C /* PA6-Mac */ = {
			isa = PBXGroup;
			children = (
				D1AB3B9F1E65F6690062514C /* Ant.cpp */,
				D1AB3BA01E65F6690062514C /* Ant.h */,
				D1AB3BA11E65F6690062514C /* Doodle.cpp */,
				D1AB3BA21E65F6690062514C /* Doodle.h */,
				D1AB3BA31E65F6690062514C /* makefile */,
				D1AB3BA41E65F6690062514C /* Organism.cpp */,
				D1AB3BA51E65F6690062514C /* Organism.h */,
				D1AB3BA61E65F6690062514C /* PA6.cpp */,
			);
			path = "PA6-Mac";
			sourceTree = "<group>";
		};
/* End PBXGroup section */

/* Begin PBXNativeTarget section */
		D1AB3B941E65F6500062514C /* PA6-Mac */ = {
			isa = PBXNativeTarget;
			buildConfigurationList = D1AB3B9C1E65F6500062514C /* Build configuration list for PBXNativeTarget "PA6-Mac" */;
			buildPhases = (
				D1AB3B911E65F6500062514C /* Sources */,
				D1AB3B921E65F6500062514C /* Frameworks */,
				D1AB3B931E65F6500062514C /* CopyFiles */,
			);
			buildRules = (
			);
			dependencies = (
			);
			name = "PA6-Mac";
			productName = "PA6-Mac";
			productReference = D1AB3B951E65F6500062514C /* PA6-Mac */;
			productType = "com.apple.product-type.tool";
		};
/* End PBXNativeTarget section */

/* Begin PBXProject section */
		D1AB3B8D1E65F6500062514C /* Project object */ = {
			isa = PBXProject;
			attributes = {
				LastUpgradeCheck = 0820;
				ORGANIZATIONNAME = "王亦雪";
				TargetAttributes = {
					D1AB3B941E65F6500062514C = {
						CreatedOnToolsVersion = 8.2;
						ProvisioningStyle = Automatic;
					};
				};
			};
			buildConfigurationList = D1AB3B901E65F6500062514C /* Build configuration list for PBXProject "PA6-Mac" */;
			compatibilityVersion = "Xcode 3.2";
			developmentRegion = English;
			hasScannedForEncodings = 0;
			knownRegions = (
				en,
			);
			mainGroup = D1AB3B8C1E65F6500062514C;
			productRefGroup = D1AB3B961E65F6500062514C /* Products */;
			projectDirPath = "";
			projectRoot = "";
			targets = (
				D1AB3B941E65F6500062514C /* PA6-Mac */,
			);
		};
/* End PBXProject section */

/* Begin PBXSourcesBuildPhase section */
		D1AB3B911E65F6500062514C /* Sources */ = {
			isa = PBXSourcesBuildPhase;
			buildActionMask = 2147483647;
			files = (
				D1AB3BAA1E65F6690062514C /* Organism.cpp in Sources */,
				D1AB3BA81E65F6690062514C /* Doodle.cpp in Sources */,
				D1AB3BAB1E65F6690062514C /* PA6.cpp in Sources */,
				D1AB3BA91E65F6690062514C /* makefile in Sources */,
				D1AB3BA71E65F6690062514C /* Ant.cpp in Sources */,
			);
			runOnlyForDeploymentPostprocessing = 0;
		};
/* End PBXSourcesBuildPhase section */

/* Begin XCBuildConfiguration section */
		D1AB3B9A1E65F6500062514C /* Debug */ = {
			isa = XCBuildConfiguration;
			buildSettings = {
				ALWAYS_SEARCH_USER_PATHS = NO;
				CLANG_ANALYZER_NONNULL = YES;
				CLANG_CXX_LANGUAGE_STANDARD = "gnu++0x";
				CLANG_CXX_LIBRARY = "libc++";
				CLANG_ENABLE_MODULES = YES;
				CLANG_ENABLE_OBJC_ARC = YES;
				CLANG_WARN_BOOL_CONVERSION = YES;
				CLANG_WARN_CONSTANT_CONVERSION = YES;
				CLANG_WARN_DIRECT_OBJC_ISA_USAGE = YES_ERROR;
				CLANG_WARN_DOCUMENTATION_COMMENTS = YES;
				CLANG_WARN_EMPTY_BODY = YES;
				CLANG_WARN_ENUM_CONVERSION = YES;
				CLANG_WARN_INFINITE_RECURSION = YES;
				CLANG_WARN_INT_CONVERSION = YES;
				CLANG_WARN_OBJC_ROOT_CLASS = YES_ERROR;
				CLANG_WARN_SUSPICIOUS_MOVE = YES;
				CLANG_WARN_UNREACHABLE_CODE = YES;
				CLANG_WARN__DUPLICATE_METHOD_MATCH = YES;
				CODE_SIGN_IDENTITY = "-";
				COPY_PHASE_STRIP = NO;
				DEBUG_INFORMATION_FORMAT = dwarf;
				ENABLE_STRICT_OBJC_MSGSEND = YES;
				ENABLE_TESTABILITY = YES;
				GCC_C_LANGUAGE_STANDARD = gnu99;
				GCC_DYNAMIC_NO_PIC = NO;
				GCC_NO_COMMON_BLOCKS = YES;
				GCC_OPTIMIZATION_LEVEL = 0;
				GCC_PREPROCESSOR_DEFINITIONS = (
					"DEBUG=1",
					"$(inherited)",
				);
				GCC_WARN_64_TO_32_BIT_CONVERSION = YES;
				GCC_WARN_ABOUT_RETURN_TYPE = YES_ERROR;
				GCC_WARN_UNDECLARED_SELECTOR = YES;
				GCC_WARN_UNINITIALIZED_AUTOS = YES_AGGRESSIVE;
				GCC_WARN_UNUSED_FUNCTION = YES;
				GCC_WARN_UNUSED_VARIABLE = YES;
				MACOSX_DEPLOYMENT_TARGET = 10.12;
				MTL_ENABLE_DEBUG_INFO = YES;
				ONLY_ACTIVE_ARCH = YES;
				SDKROOT = macosx;
			};
			name = Debug;
		};
		D1AB3B9B1E65F6500062514C /* Release */ = {
			isa = XCBuildConfiguration;
			buildSettings = {
				ALWAYS_SEARCH_USER_PATHS = NO;
				CLANG_ANALYZER_NONNULL = YES;
				CLANG_CXX_LANGUAGE_STANDARD = "gnu++0x";
				CLANG_CXX_LIBRARY = "libc++";
				CLANG_ENABLE_MODULES = YES;
				CLANG_ENABLE_OBJC_ARC = YES;
				CLANG_WARN_BOOL_CONVERSION = YES;
				CLANG_WARN_CONSTANT_CONVERSION = YES;
				CLANG_WARN_DIRECT_OBJC_ISA_USAGE = YES_ERROR;
				CLANG_WARN_DOCUMENTATION_COMMENTS = YES;
				CLANG_WARN_EMPTY_BODY = YES;
				CLANG_WARN_ENUM_CONVERSION = YES;
				CLANG_WARN_INFINITE_RECURSION = YES;
				CLANG_WARN_INT_CONVERSION = YES;
				CLANG_WARN_OBJC_ROOT_CLASS = YES_ERROR;
				CLANG_WARN_SUSPICIOUS_MOVE = YES;
				CLANG_WARN_UNREACHABLE_CODE = YES;
				CLANG_WARN__DUPLICATE_METHOD_MATCH = YES;
				CODE_SIGN_IDENTITY = "-";
				COPY_PHASE_STRIP = NO;
				DEBUG_INFORMATION_FORMAT = "dwarf-with-dsym";
				ENABLE_NS_ASSERTIONS = NO;
				ENABLE_STRICT_OBJC_MSGSEND = YES;
				GCC_C_LANGUAGE_STANDARD = gnu99;
				GCC_NO_COMMON_BLOCKS = YES;
				GCC_WARN_64_TO_32_BIT_CONVERSION = YES;
				GCC_WARN_ABOUT_RETURN_TYPE = YES_ERROR;
				GCC_WARN_UNDECLARED_SELECTOR = YES;
				GCC_WARN_UNINITIALIZED_AUTOS = YES_AGGRESSIVE;
				GCC_WARN_UNUSED_FUNCTION = YES;
				GCC_WARN_UNUSED_VARIABLE = YES;
				MACOSX_DEPLOYMENT_TARGET = 10.12;
				MTL_ENABLE_DEBUG_INFO = NO;
				SDKROOT = macosx;
			};
			name = Release;
		};
		D1AB3B9D1E65F6500062514C /* Debug */ = {
			isa = XCBuildConfiguration;
			buildSettings = {
				PRODUCT_NAME = "$(TARGET_NAME)";
			};
			name = Debug;
		};
		D1AB3B9E1E65F6500062514C /* Release */ = {
			isa = XCBuildConfiguration;
			buildSettings = {
				PRODUCT_NAME = "$(TARGET_NAME)";
			};
			name = Release;
		};
/* End XCBuildConfiguration section */

/* Begin XCConfigurationList section */
		D1AB3B901E65F6500062514C /* Build configuration list for PBXProject "PA6-Mac" */ = {
			isa = XCConfigurationList;
			buildConfigurations = (
				D1AB3B9A1E65F6500062514C /* Debug */,
				D1AB3B9B1E65F6500062514C /* Release */,
			);
			defaultConfigurationIsVisible = 0;
			defaultConfigurationName = Release;
		};
		D1AB3B9C1E65F6500062514C /* Build configuration list for PBXNativeTarget "PA6-Mac" */ = {
			isa = XCConfigurationList;
			buildConfigurations = (
				D1AB3B9D1E65F6500062514C /* Debug */,
				D1AB3B9E1E65F6500062514C /* Release */,
			);
			defaultConfigurationIsVisible = 0;
		};
/* End XCConfigurationList section */
	};
	rootObject = D1AB3B8D1E65F6500062514C /* Project object */;
}
